
Microsoft Visual Studio Solution File, Format Version 12.00
Project("{FAE04EC0-301F-11D3-BF4B-00C04F79EFBC}") = "Singleton", "Singleton\Singleton.csproj", "{A981F7F4-A239-4CAB-B8F0-E0B7275262F6}"
EndProject
Project("{2150E333-8FDC-42A3-9474-1A3956D46DE8}") = "Creational", "Creational", "{2833F1D1-8009-433F-8167-E43E3C97536F}"
EndProject
Project("{FAE04EC0-301F-11D3-BF4B-00C04F79EFBC}") = "FactoryMethod", "FactoryMethod\FactoryMethod.csproj", "{9924BBD4-6C71-4AE5-A19E-EE379530A359}"
EndProject
Project("{FAE04EC0-301F-11D3-BF4B-00C04F79EFBC}") = "AbstractFactory", "AbstractFactory\AbstractFactory.csproj", "{AF147869-F76C-4732-A14E-79BD0975892F}"
EndProject
Project("{2150E333-8FDC-42A3-9474-1A3956D46DE8}") = "Structural", "Structural", "{04700AF4-64BA-420E-B64F-C0B3FFCAFF76}"
EndProject
Project("{FAE04EC0-301F-11D3-BF4B-00C04F79EFBC}") = "Adapter", "Adapter\Adapter.csproj", "{F1FE3EFB-F6AD-4345-AF37-3F4A410A61A9}"
EndProject
Project("{FAE04EC0-301F-11D3-BF4B-00C04F79EFBC}") = "PP_Adapter", "PP_Adapter\PP_Adapter.csproj", "{DDE84583-443A-4EFD-A79C-B2C514E618BC}"
EndProject
Project("{FAE04EC0-301F-11D3-BF4B-00C04F79EFBC}") = "PP_Decorator", "PP_Decorator\PP_Decorator.csproj", "{6A98B73F-87A6-4E42-9DB4-DF31836F5F45}"
EndProject
Project("{FAE04EC0-301F-11D3-BF4B-00C04F79EFBC}") = "PP_Composite", "PP_Composite\PP_Composite.csproj", "{F5D07241-F741-4306-8EC6-BF758D0C7132}"
EndProject
Project("{FAE04EC0-301F-11D3-BF4B-00C04F79EFBC}") = "PP_Proxy", "PP_Proxy\PP_Proxy.csproj", "{1EE86A10-BAC6-4BA4-AD5E-28D8091E56CD}"
EndProject
Global
	GlobalSection(SolutionConfigurationPlatforms) = preSolution
		Debug|Any CPU = Debug|Any CPU
		Release|Any CPU = Release|Any CPU
	EndGlobalSection
	GlobalSection(ProjectConfigurationPlatforms) = postSolution
		{A981F7F4-A239-4CAB-B8F0-E0B7275262F6}.Debug|Any CPU.ActiveCfg = Debug|Any CPU
		{A981F7F4-A239-4CAB-B8F0-E0B7275262F6}.Debug|Any CPU.Build.0 = Debug|Any CPU
		{A981F7F4-A239-4CAB-B8F0-E0B7275262F6}.Release|Any CPU.ActiveCfg = Release|Any CPU
		{A981F7F4-A239-4CAB-B8F0-E0B7275262F6}.Release|Any CPU.Build.0 = Release|Any CPU
		{9924BBD4-6C71-4AE5-A19E-EE379530A359}.Debug|Any CPU.ActiveCfg = Debug|Any CPU
		{9924BBD4-6C71-4AE5-A19E-EE379530A359}.Debug|Any CPU.Build.0 = Debug|Any CPU
		{9924BBD4-6C71-4AE5-A19E-EE379530A359}.Release|Any CPU.ActiveCfg = Release|Any CPU
		{9924BBD4-6C71-4AE5-A19E-EE379530A359}.Release|Any CPU.Build.0 = Release|Any CPU
		{AF147869-F76C-4732-A14E-79BD0975892F}.Debug|Any CPU.ActiveCfg = Debug|Any CPU
		{AF147869-F76C-4732-A14E-79BD0975892F}.Debug|Any CPU.Build.0 = Debug|Any CPU
		{AF147869-F76C-4732-A14E-79BD0975892F}.Release|Any CPU.ActiveCfg = Release|Any CPU
		{AF147869-F76C-4732-A14E-79BD0975892F}.Release|Any CPU.Build.0 = Release|Any CPU
		{F1FE3EFB-F6AD-4345-AF37-3F4A410A61A9}.Debug|Any CPU.ActiveCfg = Debug|Any CPU
		{F1FE3EFB-F6AD-4345-AF37-3F4A410A61A9}.Debug|Any CPU.Build.0 = Debug|Any CPU
		{F1FE3EFB-F6AD-4345-AF37-3F4A410A61A9}.Release|Any CPU.ActiveCfg = Release|Any CPU
		{F1FE3EFB-F6AD-4345-AF37-3F4A410A61A9}.Release|Any CPU.Build.0 = Release|Any CPU
		{DDE84583-443A-4EFD-A79C-B2C514E618BC}.Debug|Any CPU.ActiveCfg = Debug|Any CPU
		{DDE84583-443A-4EFD-A79C-B2C514E618BC}.Debug|Any CPU.Build.0 = Debug|Any CPU
		{DDE84583-443A-4EFD-A79C-B2C514E618BC}.Release|Any CPU.ActiveCfg = Release|Any CPU
		{DDE84583-443A-4EFD-A79C-B2C514E618BC}.Release|Any CPU.Build.0 = Release|Any CPU
		{6A98B73F-87A6-4E42-9DB4-DF31836F5F45}.Debug|Any CPU.ActiveCfg = Debug|Any CPU
		{6A98B73F-87A6-4E42-9DB4-DF31836F5F45}.Debug|Any CPU.Build.0 = Debug|Any CPU
		{6A98B73F-87A6-4E42-9DB4-DF31836F5F45}.Release|Any CPU.ActiveCfg = Release|Any CPU
		{6A98B73F-87A6-4E42-9DB4-DF31836F5F45}.Release|Any CPU.Build.0 = Release|Any CPU
		{F5D07241-F741-4306-8EC6-BF758D0C7132}.Debug|Any CPU.ActiveCfg = Debug|Any CPU
		{F5D07241-F741-4306-8EC6-BF758D0C7132}.Debug|Any CPU.Build.0 = Debug|Any CPU
		{F5D07241-F741-4306-8EC6-BF758D0C7132}.Release|Any CPU.ActiveCfg = Release|Any CPU
		{F5D07241-F741-4306-8EC6-BF758D0C7132}.Release|Any CPU.Build.0 = Release|Any CPU
		{1EE86A10-BAC6-4BA4-AD5E-28D8091E56CD}.Debug|Any CPU.ActiveCfg = Debug|Any CPU
		{1EE86A10-BAC6-4BA4-AD5E-28D8091E56CD}.Debug|Any CPU.Build.0 = Debug|Any CPU
		{1EE86A10-BAC6-4BA4-AD5E-28D8091E56CD}.Release|Any CPU.ActiveCfg = Release|Any CPU
		{1EE86A10-BAC6-4BA4-AD5E-28D8091E56CD}.Release|Any CPU.Build.0 = Release|Any CPU
	EndGlobalSection
	GlobalSection(NestedProjects) = preSolution
		{A981F7F4-A239-4CAB-B8F0-E0B7275262F6} = {2833F1D1-8009-433F-8167-E43E3C97536F}
		{9924BBD4-6C71-4AE5-A19E-EE379530A359} = {2833F1D1-8009-433F-8167-E43E3C97536F}
		{AF147869-F76C-4732-A14E-79BD0975892F} = {2833F1D1-8009-433F-8167-E43E3C97536F}
		{F1FE3EFB-F6AD-4345-AF37-3F4A410A61A9} = {04700AF4-64BA-420E-B64F-C0B3FFCAFF76}
		{DDE84583-443A-4EFD-A79C-B2C514E618BC} = {04700AF4-64BA-420E-B64F-C0B3FFCAFF76}
		{6A98B73F-87A6-4E42-9DB4-DF31836F5F45} = {04700AF4-64BA-420E-B64F-C0B3FFCAFF76}
		{F5D07241-F741-4306-8EC6-BF758D0C7132} = {04700AF4-64BA-420E-B64F-C0B3FFCAFF76}
		{1EE86A10-BAC6-4BA4-AD5E-28D8091E56CD} = {04700AF4-64BA-420E-B64F-C0B3FFCAFF76}
	EndGlobalSection
EndGlobal
